
Microsoft Visual Studio Solution File, Format Version 12.00
# Visual Studio Version 16
VisualStudioVersion = 16.0.30523.141
MinimumVisualStudioVersion = 10.0.40219.1
Project("{FAE04EC0-301F-11D3-BF4B-00C04F79EFBC}") = "PrsCSharpConsole", "PrsCSharpConsole\PrsCSharpConsole.csproj", "{E5170CDA-21CC-4641-A1A8-B7E8CBC3CA95}"
EndProject
Project("{FAE04EC0-301F-11D3-BF4B-00C04F79EFBC}") = "PrsDbLib", "PrsDbLib\PrsDbLib.csproj", "{F83D0DBE-80C9-4813-92B9-E51776898BFA}"
EndProject
Global
	GlobalSection(SolutionConfigurationPlatforms) = preSolution
		Debug|Any CPU = Debug|Any CPU
		Release|Any CPU = Release|Any CPU
	EndGlobalSection
	GlobalSection(ProjectConfigurationPlatforms) = postSolution
		{E5170CDA-21CC-4641-A1A8-B7E8CBC3CA95}.Debug|Any CPU.ActiveCfg = Debug|Any CPU
		{E5170CDA-21CC-4641-A1A8-B7E8CBC3CA95}.Debug|Any CPU.Build.0 = Debug|Any CPU
		{E5170CDA-21CC-4641-A1A8-B7E8CBC3CA95}.Release|Any CPU.ActiveCfg = Release|Any CPU
		{E5170CDA-21CC-4641-A1A8-B7E8CBC3CA95}.Release|Any CPU.Build.0 = Release|Any CPU
		{F83D0DBE-80C9-4813-92B9-E51776898BFA}.Debug|Any CPU.ActiveCfg = Debug|Any CPU
		{F83D0DBE-80C9-4813-92B9-E51776898BFA}.Debug|Any CPU.Build.0 = Debug|Any CPU
		{F83D0DBE-80C9-4813-92B9-E51776898BFA}.Release|Any CPU.ActiveCfg = Release|Any CPU
		{F83D0DBE-80C9-4813-92B9-E51776898BFA}.Release|Any CPU.Build.0 = Release|Any CPU
	EndGlobalSection
	GlobalSection(SolutionProperties) = preSolution
		HideSolutionNode = FALSE
	EndGlobalSection
	GlobalSection(ExtensibilityGlobals) = postSolution
		SolutionGuid = {A961D04F-9A17-4600-89AF-C3985CC4B50B}
	EndGlobalSection
EndGlobal
